<?xml version="1.0" encoding="utf-8"?>
<Project ToolsVersion="4.0" xmlns:atg="http://atg.xbox.com" xmlns="http://schemas.microsoft.com/developer/msbuild/2003">
  <ItemGroup>
    <Filter Include="Resource Files">
      <UniqueIdentifier>{8e114980-c1a3-4ada-ad7c-83caadf5daeb}</UniqueIdentifier>
      <Extensions>rc;ico;cur;bmp;dlg;rc2;rct;bin;rgs;gif;jpg;jpeg;jpe</Extensions>
    </Filter>
    <Filter Include="Shaders">
      <UniqueIdentifier>{2c3d4c8c-5d1a-459a-a05a-a4e4b608a44e}</UniqueIdentifier>
      <Extensions>fx;fxh;hlsl</Extensions>
    </Filter>
    <Filter Include="Header Files">
      <UniqueIdentifier>{45383738-dcf9-4fa4-bcc6-155ae91577b9}</UniqueIdentifier>
    </Filter>
    <Filter Include="Source Files">
      <UniqueIdentifier>{79c174d2-38a7-41cd-a94e-25c73dc9ebd5}</UniqueIdentifier>
    </Filter>
    <Filter Include="Assets">
      <UniqueIdentifier>{02e480f8-2ded-4777-86f2-2895dbca40ae}</UniqueIdentifier>
    </Filter>
  </ItemGroup>
  <ItemGroup>
    <CLInclude Include="resource.h">
      <Filter>Resource Files</Filter>
    </CLInclude>
    <ResourceCompile Include="Tutorial03.rc">
      <Filter>Resource Files</Filter>
    </ResourceCompile>
    <ClInclude Include="TDFAPI.h">
      <Filter>Header Files</Filter>
    </ClInclude>
    <ClInclude Include="TDFAPIStruct.h">
      <Filter>Header Files</Filter>
    </ClInclude>
    <ClInclude Include="TDFAPIVersion.h">
      <Filter>Header Files</Filter>
    </ClInclude>
    <ClInclude Include="Stocks.h">
      <Filter>Header Files</Filter>
    </ClInclude>
    <ClInclude Include="StockDisplay.h">
      <Filter>Header Files</Filter>
    </ClInclude>
    <ClInclude Include="GraphicUtil.h">
      <Filter>Header Files</Filter>
    </ClInclude>
  </ItemGroup>
  <ItemGroup>
    <FxCompile Include="Tutorial03.fx">
      <Filter>Shaders</Filter>
    </FxCompile>
    <FxCompile Include="Tutorial03_PS.hlsl">
      <Filter>Shaders</Filter>
    </FxCompile>
    <FxCompile Include="Tutorial03_VS.hlsl">
      <Filter>Shaders</Filter>
    </FxCompile>
  </ItemGroup>
  <ItemGroup>
    <ClCompile Include="Tutorial03.cpp">
      <Filter>Source Files</Filter>
    </ClCompile>
    <ClCompile Include="Stocks.cpp">
      <Filter>Source Files</Filter>
    </ClCompile>
    <ClCompile Include="StockDisplay.cpp">
      <Filter>Source Files</Filter>
    </ClCompile>
    <ClCompile Include="GraphicUtil.cpp">
      <Filter>Source Files</Filter>
    </ClCompile>
  </ItemGroup>
  <ItemGroup>
    <None Include="italic.spritefont">
      <Filter>Assets</Filter>
    </None>
  </ItemGroup>
</Project>